
Microsoft Visual Studio Solution File, Format Version 12.00
# Visual Studio Version 17
VisualStudioVersion = 17.0.31903.59
MinimumVisualStudioVersion = 10.0.40219.1
Project("{2150E333-8FDC-42A3-9474-1A3956D46DE8}") = "Src", "Src", "{827E0CD3-B72D-47B6-A68D-7590B98EB39B}"
EndProject
Project("{FAE04EC0-301F-11D3-BF4B-00C04F79EFBC}") = "API", "Src\API\API.csproj", "{77F795A6-DF5F-4E99-833E-0B5D2150534D}"
EndProject
Project("{FAE04EC0-301F-11D3-BF4B-00C04F79EFBC}") = "Application", "Src\Application\Application.csproj", "{5CC7781D-7B50-400E-B6B0-B2DBB42A730B}"
EndProject
Project("{FAE04EC0-301F-11D3-BF4B-00C04F79EFBC}") = "Domain", "Src\Domain\Domain.csproj", "{A2138FA5-7E1C-4207-AE3D-5BDC836A43DB}"
EndProject
Project("{FAE04EC0-301F-11D3-BF4B-00C04F79EFBC}") = "Infrastructure", "Src\Infrastructure\Infrastructure.csproj", "{4637D084-CB4A-403C-A9E9-1AD881E90F67}"
EndProject
Project("{FAE04EC0-301F-11D3-BF4B-00C04F79EFBC}") = "Shared", "Src\Shared\Shared.csproj", "{AE67C031-2A9D-4DEE-BA6A-B493D745A3BE}"
EndProject
Global
	GlobalSection(SolutionConfigurationPlatforms) = preSolution
		Debug|Any CPU = Debug|Any CPU
		Debug|x64 = Debug|x64
		Debug|x86 = Debug|x86
		Release|Any CPU = Release|Any CPU
		Release|x64 = Release|x64
		Release|x86 = Release|x86
	EndGlobalSection
	GlobalSection(ProjectConfigurationPlatforms) = postSolution
		{77F795A6-DF5F-4E99-833E-0B5D2150534D}.Debug|Any CPU.ActiveCfg = Debug|Any CPU
		{77F795A6-DF5F-4E99-833E-0B5D2150534D}.Debug|Any CPU.Build.0 = Debug|Any CPU
		{77F795A6-DF5F-4E99-833E-0B5D2150534D}.Debug|x64.ActiveCfg = Debug|Any CPU
		{77F795A6-DF5F-4E99-833E-0B5D2150534D}.Debug|x64.Build.0 = Debug|Any CPU
		{77F795A6-DF5F-4E99-833E-0B5D2150534D}.Debug|x86.ActiveCfg = Debug|Any CPU
		{77F795A6-DF5F-4E99-833E-0B5D2150534D}.Debug|x86.Build.0 = Debug|Any CPU
		{77F795A6-DF5F-4E99-833E-0B5D2150534D}.Release|Any CPU.ActiveCfg = Release|Any CPU
		{77F795A6-DF5F-4E99-833E-0B5D2150534D}.Release|Any CPU.Build.0 = Release|Any CPU
		{77F795A6-DF5F-4E99-833E-0B5D2150534D}.Release|x64.ActiveCfg = Release|Any CPU
		{77F795A6-DF5F-4E99-833E-0B5D2150534D}.Release|x64.Build.0 = Release|Any CPU
		{77F795A6-DF5F-4E99-833E-0B5D2150534D}.Release|x86.ActiveCfg = Release|Any CPU
		{77F795A6-DF5F-4E99-833E-0B5D2150534D}.Release|x86.Build.0 = Release|Any CPU
		{5CC7781D-7B50-400E-B6B0-B2DBB42A730B}.Debug|Any CPU.ActiveCfg = Debug|Any CPU
		{5CC7781D-7B50-400E-B6B0-B2DBB42A730B}.Debug|Any CPU.Build.0 = Debug|Any CPU
		{5CC7781D-7B50-400E-B6B0-B2DBB42A730B}.Debug|x64.ActiveCfg = Debug|Any CPU
		{5CC7781D-7B50-400E-B6B0-B2DBB42A730B}.Debug|x64.Build.0 = Debug|Any CPU
		{5CC7781D-7B50-400E-B6B0-B2DBB42A730B}.Debug|x86.ActiveCfg = Debug|Any CPU
		{5CC7781D-7B50-400E-B6B0-B2DBB42A730B}.Debug|x86.Build.0 = Debug|Any CPU
		{5CC7781D-7B50-400E-B6B0-B2DBB42A730B}.Release|Any CPU.ActiveCfg = Release|Any CPU
		{5CC7781D-7B50-400E-B6B0-B2DBB42A730B}.Release|Any CPU.Build.0 = Release|Any CPU
		{5CC7781D-7B50-400E-B6B0-B2DBB42A730B}.Release|x64.ActiveCfg = Release|Any CPU
		{5CC7781D-7B50-400E-B6B0-B2DBB42A730B}.Release|x64.Build.0 = Release|Any CPU
		{5CC7781D-7B50-400E-B6B0-B2DBB42A730B}.Release|x86.ActiveCfg = Release|Any CPU
		{5CC7781D-7B50-400E-B6B0-B2DBB42A730B}.Release|x86.Build.0 = Release|Any CPU
		{A2138FA5-7E1C-4207-AE3D-5BDC836A43DB}.Debug|Any CPU.ActiveCfg = Debug|Any CPU
		{A2138FA5-7E1C-4207-AE3D-5BDC836A43DB}.Debug|Any CPU.Build.0 = Debug|Any CPU
		{A2138FA5-7E1C-4207-AE3D-5BDC836A43DB}.Debug|x64.ActiveCfg = Debug|Any CPU
		{A2138FA5-7E1C-4207-AE3D-5BDC836A43DB}.Debug|x64.Build.0 = Debug|Any CPU
		{A2138FA5-7E1C-4207-AE3D-5BDC836A43DB}.Debug|x86.ActiveCfg = Debug|Any CPU
		{A2138FA5-7E1C-4207-AE3D-5BDC836A43DB}.Debug|x86.Build.0 = Debug|Any CPU
		{A2138FA5-7E1C-4207-AE3D-5BDC836A43DB}.Release|Any CPU.ActiveCfg = Release|Any CPU
		{A2138FA5-7E1C-4207-AE3D-5BDC836A43DB}.Release|Any CPU.Build.0 = Release|Any CPU
		{A2138FA5-7E1C-4207-AE3D-5BDC836A43DB}.Release|x64.ActiveCfg = Release|Any CPU
		{A2138FA5-7E1C-4207-AE3D-5BDC836A43DB}.Release|x64.Build.0 = Release|Any CPU
		{A2138FA5-7E1C-4207-AE3D-5BDC836A43DB}.Release|x86.ActiveCfg = Release|Any CPU
		{A2138FA5-7E1C-4207-AE3D-5BDC836A43DB}.Release|x86.Build.0 = Release|Any CPU
		{4637D084-CB4A-403C-A9E9-1AD881E90F67}.Debug|Any CPU.ActiveCfg = Debug|Any CPU
		{4637D084-CB4A-403C-A9E9-1AD881E90F67}.Debug|Any CPU.Build.0 = Debug|Any CPU
		{4637D084-CB4A-403C-A9E9-1AD881E90F67}.Debug|x64.ActiveCfg = Debug|Any CPU
		{4637D084-CB4A-403C-A9E9-1AD881E90F67}.Debug|x64.Build.0 = Debug|Any CPU
		{4637D084-CB4A-403C-A9E9-1AD881E90F67}.Debug|x86.ActiveCfg = Debug|Any CPU
		{4637D084-CB4A-403C-A9E9-1AD881E90F67}.Debug|x86.Build.0 = Debug|Any CPU
		{4637D084-CB4A-403C-A9E9-1AD881E90F67}.Release|Any CPU.ActiveCfg = Release|Any CPU
		{4637D084-CB4A-403C-A9E9-1AD881E90F67}.Release|Any CPU.Build.0 = Release|Any CPU
		{4637D084-CB4A-403C-A9E9-1AD881E90F67}.Release|x64.ActiveCfg = Release|Any CPU
		{4637D084-CB4A-403C-A9E9-1AD881E90F67}.Release|x64.Build.0 = Release|Any CPU
		{4637D084-CB4A-403C-A9E9-1AD881E90F67}.Release|x86.ActiveCfg = Release|Any CPU
		{4637D084-CB4A-403C-A9E9-1AD881E90F67}.Release|x86.Build.0 = Release|Any CPU
		{AE67C031-2A9D-4DEE-BA6A-B493D745A3BE}.Debug|Any CPU.ActiveCfg = Debug|Any CPU
		{AE67C031-2A9D-4DEE-BA6A-B493D745A3BE}.Debug|Any CPU.Build.0 = Debug|Any CPU
		{AE67C031-2A9D-4DEE-BA6A-B493D745A3BE}.Debug|x64.ActiveCfg = Debug|Any CPU
		{AE67C031-2A9D-4DEE-BA6A-B493D745A3BE}.Debug|x64.Build.0 = Debug|Any CPU
		{AE67C031-2A9D-4DEE-BA6A-B493D745A3BE}.Debug|x86.ActiveCfg = Debug|Any CPU
		{AE67C031-2A9D-4DEE-BA6A-B493D745A3BE}.Debug|x86.Build.0 = Debug|Any CPU
		{AE67C031-2A9D-4DEE-BA6A-B493D745A3BE}.Release|Any CPU.ActiveCfg = Release|Any CPU
		{AE67C031-2A9D-4DEE-BA6A-B493D745A3BE}.Release|Any CPU.Build.0 = Release|Any CPU
		{AE67C031-2A9D-4DEE-BA6A-B493D745A3BE}.Release|x64.ActiveCfg = Release|Any CPU
		{AE67C031-2A9D-4DEE-BA6A-B493D745A3BE}.Release|x64.Build.0 = Release|Any CPU
		{AE67C031-2A9D-4DEE-BA6A-B493D745A3BE}.Release|x86.ActiveCfg = Release|Any CPU
		{AE67C031-2A9D-4DEE-BA6A-B493D745A3BE}.Release|x86.Build.0 = Release|Any CPU
	EndGlobalSection
	GlobalSection(SolutionProperties) = preSolution
		HideSolutionNode = FALSE
	EndGlobalSection
	GlobalSection(NestedProjects) = preSolution
		{77F795A6-DF5F-4E99-833E-0B5D2150534D} = {827E0CD3-B72D-47B6-A68D-7590B98EB39B}
		{5CC7781D-7B50-400E-B6B0-B2DBB42A730B} = {827E0CD3-B72D-47B6-A68D-7590B98EB39B}
		{A2138FA5-7E1C-4207-AE3D-5BDC836A43DB} = {827E0CD3-B72D-47B6-A68D-7590B98EB39B}
		{4637D084-CB4A-403C-A9E9-1AD881E90F67} = {827E0CD3-B72D-47B6-A68D-7590B98EB39B}
		{AE67C031-2A9D-4DEE-BA6A-B493D745A3BE} = {827E0CD3-B72D-47B6-A68D-7590B98EB39B}
	EndGlobalSection
EndGlobal
